// !$*UTF8*$!
{
	archiveVersion = 1;
	classes = {
	};
	objectVersion = 46;
	objects = {

/* Begin PBXBuildFile section */
		FA33590319D1A5590067FF21 /* main.m in Sources */ = {isa = PBXBuildFile; fileRef = FA33590219D1A5590067FF21 /* main.m */; };
		FA33590619D1A5590067FF21 /* AppDelegate.m in Sources */ = {isa = PBXBuildFile; fileRef = FA33590519D1A5590067FF21 /* AppDelegate.m */; };
		FA33590919D1A5590067FF21 /* ViewController.m in Sources */ = {isa = PBXBuildFile; fileRef = FA33590819D1A5590067FF21 /* ViewController.m */; };
		FA33590C19D1A5590067FF21 /* Main.storyboard in Resources */ = {isa = PBXBuildFile; fileRef = FA33590A19D1A5590067FF21 /* Main.storyboard */; };
		FA33590E19D1A5590067FF21 /* Images.xcassets in Resources */ = {isa = PBXBuildFile; fileRef = FA33590D19D1A5590067FF21 /* Images.xcassets */; };
		FA33591119D1A5590067FF21 /* LaunchScreen.xib in Resources */ = {isa = PBXBuildFile; fileRef = FA33590F19D1A5590067FF21 /* LaunchScreen.xib */; };
		FA33591D19D1A55A0067FF21 /* IBDesignablesTests.m in Sources */ = {isa = PBXBuildFile; fileRef = FA33591C19D1A55A0067FF21 /* IBDesignablesTests.m */; };
		FA33592919D230EC0067FF21 /* StarView.swift in Sources */ = {isa = PBXBuildFile; fileRef = FA33592819D230EC0067FF21 /* StarView.swift */; };
		FA33592B19D231E70067FF21 /* StarFieldView.xib in Resources */ = {isa = PBXBuildFile; fileRef = FA33592A19D231E70067FF21 /* StarFieldView.xib */; };
		FA33592F19D235470067FF21 /* EllipseView.m in Sources */ = {isa = PBXBuildFile; fileRef = FA33592E19D235470067FF21 /* EllipseView.m */; };
		FA33593119D23FE80067FF21 /* StarEllipseView.swift in Sources */ = {isa = PBXBuildFile; fileRef = FA33593019D23FE80067FF21 /* StarEllipseView.swift */; };
		FA33593319D438A00067FF21 /* InspectableView.swift in Sources */ = {isa = PBXBuildFile; fileRef = FA33593219D438A00067FF21 /* InspectableView.swift */; };
		FA33593819D444500067FF21 /* UIView+Inspectables.m in Sources */ = {isa = PBXBuildFile; fileRef = FA33593719D444500067FF21 /* UIView+Inspectables.m */; };
/* End PBXBuildFile section */

/* Begin PBXContainerItemProxy section */
		FA33591719D1A55A0067FF21 /* PBXContainerItemProxy */ = {
			isa = PBXContainerItemProxy;
			containerPortal = FA3358F519D1A5590067FF21 /* Project object */;
			proxyType = 1;
			remoteGlobalIDString = FA3358FC19D1A5590067FF21;
			remoteInfo = IBDesignables;
		};
/* End PBXContainerItemProxy section */

/* Begin PBXFileReference section */
		FA3358FD19D1A5590067FF21 /* IBDesignables.app */ = {isa = PBXFileReference; explicitFileType = wrapper.application; includeInIndex = 0; path = IBDesignables.app; sourceTree = BUILT_PRODUCTS_DIR; };
		FA33590119D1A5590067FF21 /* Info.plist */ = {isa = PBXFileReference; lastKnownFileType = text.plist.xml; path = Info.plist; sourceTree = "<group>"; };
		FA33590219D1A5590067FF21 /* main.m */ = {isa = PBXFileReference; lastKnownFileType = sourcecode.c.objc; path = main.m; sourceTree = "<group>"; };
		FA33590419D1A5590067FF21 /* AppDelegate.h */ = {isa = PBXFileReference; lastKnownFileType = sourcecode.c.h; path = AppDelegate.h; sourceTree = "<group>"; };
		FA33590519D1A5590067FF21 /* AppDelegate.m */ = {isa = PBXFileReference; lastKnownFileType = sourcecode.c.objc; path = AppDelegate.m; sourceTree = "<group>"; };
		FA33590719D1A5590067FF21 /* ViewController.h */ = {isa = PBXFileReference; lastKnownFileType = sourcecode.c.h; path = ViewController.h; sourceTree = "<group>"; };
		FA33590819D1A5590067FF21 /* ViewController.m */ = {isa = PBXFileReference; lastKnownFileType = sourcecode.c.objc; path = ViewController.m; sourceTree = "<group>"; };
		FA33590B19D1A5590067FF21 /* Base */ = {isa = PBXFileReference; lastKnownFileType = file.storyboard; name = Base; path = Base.lproj/Main.storyboard; sourceTree = "<group>"; };
		FA33590D19D1A5590067FF21 /* Images.xcassets */ = {isa = PBXFileReference; lastKnownFileType = folder.assetcatalog; path = Images.xcassets; sourceTree = "<group>"; };
		FA33591019D1A5590067FF21 /* Base */ = {isa = PBXFileReference; lastKnownFileType = file.xib; name = Base; path = Base.lproj/LaunchScreen.xib; sourceTree = "<group>"; };
		FA33591619D1A55A0067FF21 /* IBDesignablesTests.xctest */ = {isa = PBXFileReference; explicitFileType = wrapper.cfbundle; includeInIndex = 0; path = IBDesignablesTests.xctest; sourceTree = BUILT_PRODUCTS_DIR; };
		FA33591B19D1A55A0067FF21 /* Info.plist */ = {isa = PBXFileReference; lastKnownFileType = text.plist.xml; path = Info.plist; sourceTree = "<group>"; };
		FA33591C19D1A55A0067FF21 /* IBDesignablesTests.m */ = {isa = PBXFileReference; lastKnownFileType = sourcecode.c.objc; path = IBDesignablesTests.m; sourceTree = "<group>"; };
		FA33592619D22CED0067FF21 /* StarPlayground.playground */ = {isa = PBXFileReference; lastKnownFileType = file.playground; path = StarPlayground.playground; sourceTree = "<group>"; };
		FA33592719D230EB0067FF21 /* IBDesignables-Bridging-Header.h */ = {isa = PBXFileReference; lastKnownFileType = sourcecode.c.h; path = "IBDesignables-Bridging-Header.h"; sourceTree = "<group>"; };
		FA33592819D230EC0067FF21 /* StarView.swift */ = {isa = PBXFileReference; fileEncoding = 4; lastKnownFileType = sourcecode.swift; path = StarView.swift; sourceTree = "<group>"; };
		FA33592A19D231E70067FF21 /* StarFieldView.xib */ = {isa = PBXFileReference; fileEncoding = 4; lastKnownFileType = file.xib; path = StarFieldView.xib; sourceTree = "<group>"; };
		FA33592D19D235470067FF21 /* EllipseView.h */ = {isa = PBXFileReference; fileEncoding = 4; lastKnownFileType = sourcecode.c.h; path = EllipseView.h; sourceTree = "<group>"; };
		FA33592E19D235470067FF21 /* EllipseView.m */ = {isa = PBXFileReference; fileEncoding = 4; lastKnownFileType = sourcecode.c.objc; path = EllipseView.m; sourceTree = "<group>"; };
		FA33593019D23FE80067FF21 /* StarEllipseView.swift */ = {isa = PBXFileReference; fileEncoding = 4; lastKnownFileType = sourcecode.swift; path = StarEllipseView.swift; sourceTree = "<group>"; };
		FA33593219D438A00067FF21 /* InspectableView.swift */ = {isa = PBXFileReference; fileEncoding = 4; lastKnownFileType = sourcecode.swift; path = InspectableView.swift; sourceTree = "<group>"; };
		FA33593619D444500067FF21 /* UIView+Inspectables.h */ = {isa = PBXFileReference; fileEncoding = 4; lastKnownFileType = sourcecode.c.h; path = "UIView+Inspectables.h"; sourceTree = "<group>"; };
		FA33593719D444500067FF21 /* UIView+Inspectables.m */ = {isa = PBXFileReference; fileEncoding = 4; lastKnownFileType = sourcecode.c.objc; path = "UIView+Inspectables.m"; sourceTree = "<group>"; };
/* End PBXFileReference section */

/* Begin PBXFrameworksBuildPhase section */
		FA3358FA19D1A5590067FF21 /* Frameworks */ = {
			isa = PBXFrameworksBuildPhase;
			buildActionMask = 2147483647;
			files = (
			);
			runOnlyForDeploymentPostprocessing = 0;
		};
		FA33591319D1A55A0067FF21 /* Frameworks */ = {
			isa = PBXFrameworksBuildPhase;
			buildActionMask = 2147483647;
			files = (
			);
			runOnlyForDeploymentPostprocessing = 0;
		};
/* End PBXFrameworksBuildPhase section */

/* Begin PBXGroup section */
		FA3358F419D1A5590067FF21 = {
			isa = PBXGroup;
			children = (
				FA3358FF19D1A5590067FF21 /* IBDesignables */,
				FA33591919D1A55A0067FF21 /* IBDesignablesTests */,
				FA3358FE19D1A5590067FF21 /* Products */,
			);
			sourceTree = "<group>";
		};
		FA3358FE19D1A5590067FF21 /* Products */ = {
			isa = PBXGroup;
			children = (
				FA3358FD19D1A5590067FF21 /* IBDesignables.app */,
				FA33591619D1A55A0067FF21 /* IBDesignablesTests.xctest */,
			);
			name = Products;
			sourceTree = "<group>";
		};
		FA3358FF19D1A5590067FF21 /* IBDesignables */ = {
			isa = PBXGroup;
			children = (
				FA33592C19D234190067FF21 /* ComponentPreview */,
				FA33593419D438A40067FF21 /* ExtendingIB */,
				FA33593519D438C80067FF21 /* Typical Objects */,
				FA33590A19D1A5590067FF21 /* Main.storyboard */,
				FA33590F19D1A5590067FF21 /* LaunchScreen.xib */,
				FA33590019D1A5590067FF21 /* Supporting Files */,
			);
			path = IBDesignables;
			sourceTree = "<group>";
		};
		FA33590019D1A5590067FF21 /* Supporting Files */ = {
			isa = PBXGroup;
			children = (
				FA33590119D1A5590067FF21 /* Info.plist */,
				FA33590219D1A5590067FF21 /* main.m */,
			);
			name = "Supporting Files";
			sourceTree = "<group>";
		};
		FA33591919D1A55A0067FF21 /* IBDesignablesTests */ = {
			isa = PBXGroup;
			children = (
				FA33591C19D1A55A0067FF21 /* IBDesignablesTests.m */,
				FA33591A19D1A55A0067FF21 /* Supporting Files */,
			);
			path = IBDesignablesTests;
			sourceTree = "<group>";
		};
		FA33591A19D1A55A0067FF21 /* Supporting Files */ = {
			isa = PBXGroup;
			children = (
				FA33591B19D1A55A0067FF21 /* Info.plist */,
			);
			name = "Supporting Files";
			sourceTree = "<group>";
		};
		FA33592C19D234190067FF21 /* ComponentPreview */ = {
			isa = PBXGroup;
			children = (
				FA33592619D22CED0067FF21 /* StarPlayground.playground */,
				FA33592819D230EC0067FF21 /* StarView.swift */,
				FA33592719D230EB0067FF21 /* IBDesignables-Bridging-Header.h */,
				FA33592A19D231E70067FF21 /* StarFieldView.xib */,
				FA33592D19D235470067FF21 /* EllipseView.h */,
				FA33592E19D235470067FF21 /* EllipseView.m */,
				FA33593019D23FE80067FF21 /* StarEllipseView.swift */,
			);
			name = ComponentPreview;
			sourceTree = "<group>";
		};
		FA33593419D438A40067FF21 /* ExtendingIB */ = {
			isa = PBXGroup;
			children = (
				FA33593219D438A00067FF21 /* InspectableView.swift */,
				FA33593619D444500067FF21 /* UIView+Inspectables.h */,
				FA33593719D444500067FF21 /* UIView+Inspectables.m */,
			);
			name = ExtendingIB;
			sourceTree = "<group>";
		};
		FA33593519D438C80067FF21 /* Typical Objects */ = {
			isa = PBXGroup;
			children = (
				FA33590419D1A5590067FF21 /* AppDelegate.h */,
				FA33590519D1A5590067FF21 /* AppDelegate.m */,
				FA33590719D1A5590067FF21 /* ViewController.h */,
				FA33590819D1A5590067FF21 /* ViewController.m */,
				FA33590D19D1A5590067FF21 /* Images.xcassets */,
			);
			name = "Typical Objects";
			sourceTree = "<group>";
		};
/* End PBXGroup section */

/* Begin PBXNativeTarget section */
		FA3358FC19D1A5590067FF21 /* IBDesignables */ = {
			isa = PBXNativeTarget;
			buildConfigurationList = FA33592019D1A55A0067FF21 /* Build configuration list for PBXNativeTarget "IBDesignables" */;
			buildPhases = (
				FA3358F919D1A5590067FF21 /* Sources */,
				FA3358FA19D1A5590067FF21 /* Frameworks */,
				FA3358FB19D1A5590067FF21 /* Resources */,
			);
			buildRules = (
			);
			dependencies = (
			);
			name = IBDesignables;
			productName = IBDesignables;
			productReference = FA3358FD19D1A5590067FF21 /* IBDesignables.app */;
			productType = "com.apple.product-type.application";
		};
		FA33591519D1A55A0067FF21 /* IBDesignablesTests */ = {
			isa = PBXNativeTarget;
			buildConfigurationList = FA33592319D1A55A0067FF21 /* Build configuration list for PBXNativeTarget "IBDesignablesTests" */;
			buildPhases = (
				FA33591219D1A55A0067FF21 /* Sources */,
				FA33591319D1A55A0067FF21 /* Frameworks */,
				FA33591419D1A55A0067FF21 /* Resources */,
			);
			buildRules = (
			);
			dependencies = (
				FA33591819D1A55A0067FF21 /* PBXTargetDependency */,
			);
			name = IBDesignablesTests;
			productName = IBDesignablesTests;
			productReference = FA33591619D1A55A0067FF21 /* IBDesignablesTests.xctest */;
			productType = "com.apple.product-type.bundle.unit-test";
		};
/* End PBXNativeTarget section */

/* Begin PBXProject section */
		FA3358F519D1A5590067FF21 /* Project object */ = {
			isa = PBXProject;
			attributes = {
				LastUpgradeCheck = 0600;
				ORGANIZATIONNAME = "CapTech Consulting";
				TargetAttributes = {
					FA3358FC19D1A5590067FF21 = {
						CreatedOnToolsVersion = 6.0;
					};
					FA33591519D1A55A0067FF21 = {
						CreatedOnToolsVersion = 6.0;
						TestTargetID = FA3358FC19D1A5590067FF21;
					};
				};
			};
			buildConfigurationList = FA3358F819D1A5590067FF21 /* Build configuration list for PBXProject "IBDesignables" */;
			compatibilityVersion = "Xcode 3.2";
			developmentRegion = English;
			hasScannedForEncodings = 0;
			knownRegions = (
				en,
				Base,
			);
			mainGroup = FA3358F419D1A5590067FF21;
			productRefGroup = FA3358FE19D1A5590067FF21 /* Products */;
			projectDirPath = "";
			projectRoot = "";
			targets = (
				FA3358FC19D1A5590067FF21 /* IBDesignables */,
				FA33591519D1A55A0067FF21 /* IBDesignablesTests */,
			);
		};
/* End PBXProject section */

/* Begin PBXResourcesBuildPhase section */
		FA3358FB19D1A5590067FF21 /* Resources */ = {
			isa = PBXResourcesBuildPhase;
			buildActionMask = 2147483647;
			files = (
				FA33590C19D1A5590067FF21 /* Main.storyboard in Resources */,
				FA33591119D1A5590067FF21 /* LaunchScreen.xib in Resources */,
				FA33590E19D1A5590067FF21 /* Images.xcassets in Resources */,
				FA33592B19D231E70067FF21 /* StarFieldView.xib in Resources */,
			);
			runOnlyForDeploymentPostprocessing = 0;
		};
		FA33591419D1A55A0067FF21 /* Resources */ = {
			isa = PBXResourcesBuildPhase;
			buildActionMask = 2147483647;
			files = (
			);
			runOnlyForDeploymentPostprocessing = 0;
		};
/* End PBXResourcesBuildPhase section */

/* Begin PBXSourcesBuildPhase section */
		FA3358F919D1A5590067FF21 /* Sources */ = {
			isa = PBXSourcesBuildPhase;
			buildActionMask = 2147483647;
			files = (
				FA33590919D1A5590067FF21 /* ViewController.m in Sources */,
				FA33593819D444500067FF21 /* UIView+Inspectables.m in Sources */,
				FA33590619D1A5590067FF21 /* AppDelegate.m in Sources */,
				FA33593319D438A00067FF21 /* InspectableView.swift in Sources */,
				FA33592919D230EC0067FF21 /* StarView.swift in Sources */,
				FA33590319D1A5590067FF21 /* main.m in Sources */,
				FA33592F19D235470067FF21 /* EllipseView.m in Sources */,
				FA33593119D23FE80067FF21 /* StarEllipseView.swift in Sources */,
			);
			runOnlyForDeploymentPostprocessing = 0;
		};
		FA33591219D1A55A0067FF21 /* Sources */ = {
			isa = PBXSourcesBuildPhase;
			buildActionMask = 2147483647;
			files = (
				FA33591D19D1A55A0067FF21 /* IBDesignablesTests.m in Sources */,
			);
			runOnlyForDeploymentPostprocessing = 0;
		};
/* End PBXSourcesBuildPhase section */

/* Begin PBXTargetDependency section */
		FA33591819D1A55A0067FF21 /* PBXTargetDependency */ = {
			isa = PBXTargetDependency;
			target = FA3358FC19D1A5590067FF21 /* IBDesignables */;
			targetProxy = FA33591719D1A55A0067FF21 /* PBXContainerItemProxy */;
		};
/* End PBXTargetDependency section */

/* Begin PBXVariantGroup section */
		FA33590A19D1A5590067FF21 /* Main.storyboard */ = {
			isa = PBXVariantGroup;
			children = (
				FA33590B19D1A5590067FF21 /* Base */,
			);
			name = Main.storyboard;
			sourceTree = "<group>";
		};
		FA33590F19D1A5590067FF21 /* LaunchScreen.xib */ = {
			isa = PBXVariantGroup;
			children = (
				FA33591019D1A5590067FF21 /* Base */,
			);
			name = LaunchScreen.xib;
			sourceTree = "<group>";
		};
/* End PBXVariantGroup section */

/* Begin XCBuildConfiguration section */
		FA33591E19D1A55A0067FF21 /* Debug */ = {
			isa = XCBuildConfiguration;
			buildSettings = {
				ALWAYS_SEARCH_USER_PATHS = NO;
				CLANG_CXX_LANGUAGE_STANDARD = "gnu++0x";
				CLANG_CXX_LIBRARY = "libc++";
				CLANG_ENABLE_MODULES = YES;
				CLANG_ENABLE_OBJC_ARC = YES;
				CLANG_WARN_BOOL_CONVERSION = YES;
				CLANG_WARN_CONSTANT_CONVERSION = YES;
				CLANG_WARN_DIRECT_OBJC_ISA_USAGE = YES_ERROR;
				CLANG_WARN_EMPTY_BODY = YES;
				CLANG_WARN_ENUM_CONVERSION = YES;
				CLANG_WARN_INT_CONVERSION = YES;
				CLANG_WARN_OBJC_ROOT_CLASS = YES_ERROR;
				CLANG_WARN_UNREACHABLE_CODE = YES;
				CLANG_WARN__DUPLICATE_METHOD_MATCH = YES;
				"CODE_SIGN_IDENTITY[sdk=iphoneos*]" = "iPhone Developer";
				COPY_PHASE_STRIP = NO;
				ENABLE_STRICT_OBJC_MSGSEND = YES;
				GCC_C_LANGUAGE_STANDARD = gnu99;
				GCC_DYNAMIC_NO_PIC = NO;
				GCC_OPTIMIZATION_LEVEL = 0;
				GCC_PREPROCESSOR_DEFINITIONS = (
					"DEBUG=1",
					"$(inherited)",
				);
				GCC_SYMBOLS_PRIVATE_EXTERN = NO;
				GCC_WARN_64_TO_32_BIT_CONVERSION = YES;
				GCC_WARN_ABOUT_RETURN_TYPE = YES_ERROR;
				GCC_WARN_UNDECLARED_SELECTOR = YES;
				GCC_WARN_UNINITIALIZED_AUTOS = YES_AGGRESSIVE;
				GCC_WARN_UNUSED_FUNCTION = YES;
				GCC_WARN_UNUSED_VARIABLE = YES;
				IPHONEOS_DEPLOYMENT_TARGET = 8.0;
				MTL_ENABLE_DEBUG_INFO = YES;
				ONLY_ACTIVE_ARCH = YES;
				SDKROOT = iphoneos;
				TARGETED_DEVICE_FAMILY = "1,2";
			};
			name = Debug;
		};
		FA33591F19D1A55A0067FF21 /* Release */ = {
			isa = XCBuildConfiguration;
			buildSettings = {
				ALWAYS_SEARCH_USER_PATHS = NO;
				CLANG_CXX_LANGUAGE_STANDARD = "gnu++0x";
				CLANG_CXX_LIBRARY = "libc++";
				CLANG_ENABLE_MODULES = YES;
				CLANG_ENABLE_OBJC_ARC = YES;
				CLANG_WARN_BOOL_CONVERSION = YES;
				CLANG_WARN_CONSTANT_CONVERSION = YES;
				CLANG_WARN_DIRECT_OBJC_ISA_USAGE = YES_ERROR;
				CLANG_WARN_EMPTY_BODY = YES;
				CLANG_WARN_ENUM_CONVERSION = YES;
				CLANG_WARN_INT_CONVERSION = YES;
				CLANG_WARN_OBJC_ROOT_CLASS = YES_ERROR;
				CLANG_WARN_UNREACHABLE_CODE = YES;
				CLANG_WARN__DUPLICATE_METHOD_MATCH = YES;
				"CODE_SIGN_IDENTITY[sdk=iphoneos*]" = "iPhone Developer";
				COPY_PHASE_STRIP = YES;
				ENABLE_NS_ASSERTIONS = NO;
				ENABLE_STRICT_OBJC_MSGSEND = YES;
				GCC_C_LANGUAGE_STANDARD = gnu99;
				GCC_WARN_64_TO_32_BIT_CONVERSION = YES;
				GCC_WARN_ABOUT_RETURN_TYPE = YES_ERROR;
				GCC_WARN_UNDECLARED_SELECTOR = YES;
				GCC_WARN_UNINITIALIZED_AUTOS = YES_AGGRESSIVE;
				GCC_WARN_UNUSED_FUNCTION = YES;
				GCC_WARN_UNUSED_VARIABLE = YES;
				IPHONEOS_DEPLOYMENT_TARGET = 8.0;
				MTL_ENABLE_DEBUG_INFO = NO;
				SDKROOT = iphoneos;
				TARGETED_DEVICE_FAMILY = "1,2";
				VALIDATE_PRODUCT = YES;
			};
			name = Release;
		};
		FA33592119D1A55A0067FF21 /* Debug */ = {
			isa = XCBuildConfiguration;
			buildSettings = {
				ASSETCATALOG_COMPILER_APPICON_NAME = AppIcon;
				CLANG_ENABLE_MODULES = YES;
				INFOPLIST_FILE = IBDesignables/Info.plist;
				LD_RUNPATH_SEARCH_PATHS = "$(inherited) @executable_path/Frameworks";
				PRODUCT_NAME = "$(TARGET_NAME)";
				SWIFT_OBJC_BRIDGING_HEADER = "IBDesignables/IBDesignables-Bridging-Header.h";
				SWIFT_OPTIMIZATION_LEVEL = "-Onone";
			};
			name = Debug;
		};
		FA33592219D1A55A0067FF21 /* Release */ = {
			isa = XCBuildConfiguration;
			buildSettings = {
				ASSETCATALOG_COMPILER_APPICON_NAME = AppIcon;
				CLANG_ENABLE_MODULES = YES;
				INFOPLIST_FILE = IBDesignables/Info.plist;
				LD_RUNPATH_SEARCH_PATHS = "$(inherited) @executable_path/Frameworks";
				PRODUCT_NAME = "$(TARGET_NAME)";
				SWIFT_OBJC_BRIDGING_HEADER = "IBDesignables/IBDesignables-Bridging-Header.h";
			};
			name = Release;
		};
		FA33592419D1A55A0067FF21 /* Debug */ = {
			isa = XCBuildConfiguration;
			buildSettings = {
				BUNDLE_LOADER = "$(TEST_HOST)";
				FRAMEWORK_SEARCH_PATHS = (
					"$(SDKROOT)/Developer/Library/Frameworks",
					"$(inherited)",
				);
				GCC_PREPROCESSOR_DEFINITIONS = (
					"DEBUG=1",
					"$(inherited)",
				);
				INFOPLIST_FILE = IBDesignablesTests/Info.plist;
				LD_RUNPATH_SEARCH_PATHS = "$(inherited) @executable_path/Frameworks @loader_path/Frameworks";
				PRODUCT_NAME = "$(TARGET_NAME)";
				TEST_HOST = "$(BUILT_PRODUCTS_DIR)/IBDesignables.app/IBDesignables";
			};
			name = Debug;
		};
		FA33592519D1A55A0067FF21 /* Release */ = {
			isa = XCBuildConfiguration;
			buildSettings = {
				BUNDLE_LOADER = "$(TEST_HOST)";
				FRAMEWORK_SEARCH_PATHS = (
					"$(SDKROOT)/Developer/Library/Frameworks",
					"$(inherited)",
				);
				INFOPLIST_FILE = IBDesignablesTests/Info.plist;
				LD_RUNPATH_SEARCH_PATHS = "$(inherited) @executable_path/Frameworks @loader_path/Frameworks";
				PRODUCT_NAME = "$(TARGET_NAME)";
				TEST_HOST = "$(BUILT_PRODUCTS_DIR)/IBDesignables.app/IBDesignables";
			};
			name = Release;
		};
/* End XCBuildConfiguration section */

/* Begin XCConfigurationList section */
		FA3358F819D1A5590067FF21 /* Build configuration list for PBXProject "IBDesignables" */ = {
			isa = XCConfigurationList;
			buildConfigurations = (
				FA33591E19D1A55A0067FF21 /* Debug */,
				FA33591F19D1A55A0067FF21 /* Release */,
			);
			defaultConfigurationIsVisible = 0;
			defaultConfigurationName = Release;
		};
		FA33592019D1A55A0067FF21 /* Build configuration list for PBXNativeTarget "IBDesignables" */ = {
			isa = XCConfigurationList;
			buildConfigurations = (
				FA33592119D1A55A0067FF21 /* Debug */,
				FA33592219D1A55A0067FF21 /* Release */,
			);
			defaultConfigurationIsVisible = 0;
		};
		FA33592319D1A55A0067FF21 /* Build configuration list for PBXNativeTarget "IBDesignablesTests" */ = {
			isa = XCConfigurationList;
			buildConfigurations = (
				FA33592419D1A55A0067FF21 /* Debug */,
				FA33592519D1A55A0067FF21 /* Release */,
			);
			defaultConfigurationIsVisible = 0;
		};
/* End XCConfigurationList section */
	};
	rootObject = FA3358F519D1A5590067FF21 /* Project object */;
}
